// !$*UTF8*$!
{
	archiveVersion = 1;
	classes = {
	};
	objectVersion = 50;
	objects = {

/* Begin PBXBuildFile section */
		5516DA6D2578E34A00C0D268 /* KernelKit.h in Headers */ = {isa = PBXBuildFile; fileRef = 5516DA6B2578E34A00C0D268 /* KernelKit.h */; settings = {ATTRIBUTES = (Public, ); }; };
		5516DA782578E3D000C0D268 /* KKThread.h in Headers */ = {isa = PBXBuildFile; fileRef = 5516DA762578E3D000C0D268 /* KKThread.h */; settings = {ATTRIBUTES = (Public, ); }; };
		5516DA792578E3D000C0D268 /* KKThread.mm in Sources */ = {isa = PBXBuildFile; fileRef = 5516DA772578E3D000C0D268 /* KKThread.mm */; };
		5516DA7E2578E41600C0D268 /* KKMemoryMapping.h in Headers */ = {isa = PBXBuildFile; fileRef = 5516DA7C2578E41600C0D268 /* KKMemoryMapping.h */; settings = {ATTRIBUTES = (Public, ); }; };
		5516DA7F2578E41600C0D268 /* KKMemoryMapping.m in Sources */ = {isa = PBXBuildFile; fileRef = 5516DA7D2578E41600C0D268 /* KKMemoryMapping.m */; };
		5516DA882578E44C00C0D268 /* KernelKitTests.m in Sources */ = {isa = PBXBuildFile; fileRef = 5516DA872578E44C00C0D268 /* KernelKitTests.m */; };
		5516DA8A2578E44C00C0D268 /* KernelKit.framework in Frameworks */ = {isa = PBXBuildFile; fileRef = 5516DA682578E34A00C0D268 /* KernelKit.framework */; };
		5516DA972578E50F00C0D268 /* KKOOMTracker.h in Headers */ = {isa = PBXBuildFile; fileRef = 5516DA952578E50F00C0D268 /* KKOOMTracker.h */; settings = {ATTRIBUTES = (Public, ); }; };
		5516DA982578E50F00C0D268 /* KKOOMTracker.m in Sources */ = {isa = PBXBuildFile; fileRef = 5516DA962578E50F00C0D268 /* KKOOMTracker.m */; };
		5516DAAA25791E4D00C0D268 /* KKDynamicLinker.h in Headers */ = {isa = PBXBuildFile; fileRef = 5516DAA825791E4D00C0D268 /* KKDynamicLinker.h */; settings = {ATTRIBUTES = (Public, ); }; };
		5516DAAB25791E4D00C0D268 /* KKDynamicLinker.mm in Sources */ = {isa = PBXBuildFile; fileRef = 5516DAA925791E4D00C0D268 /* KKDynamicLinker.mm */; };
		5516DABB257A2BC600C0D268 /* KKMemoryMappingTest.m in Sources */ = {isa = PBXBuildFile; fileRef = 5516DABA257A2BC600C0D268 /* KKMemoryMappingTest.m */; };
		5516DAC5257A2F9500C0D268 /* KKFishHook.h in Headers */ = {isa = PBXBuildFile; fileRef = 5516DAC3257A2F9500C0D268 /* KKFishHook.h */; settings = {ATTRIBUTES = (Public, ); }; };
		5516DAC6257A2F9500C0D268 /* KKFishHook.mm in Sources */ = {isa = PBXBuildFile; fileRef = 5516DAC4257A2F9500C0D268 /* KKFishHook.mm */; };
		5516DAE2257A3E3400C0D268 /* fishhook.h in Headers */ = {isa = PBXBuildFile; fileRef = 5516DAE0257A3E3400C0D268 /* fishhook.h */; };
		5516DAE3257A3E3400C0D268 /* fishhook.c in Sources */ = {isa = PBXBuildFile; fileRef = 5516DAE1257A3E3400C0D268 /* fishhook.c */; };
		5516DB0A257E1B8300C0D268 /* KKSignalHandler.h in Headers */ = {isa = PBXBuildFile; fileRef = 5516DB08257E1B8300C0D268 /* KKSignalHandler.h */; settings = {ATTRIBUTES = (Public, ); }; };
		5516DB0B257E1B8300C0D268 /* KKSignalHandler.mm in Sources */ = {isa = PBXBuildFile; fileRef = 5516DB09257E1B8300C0D268 /* KKSignalHandler.mm */; };
		5516DB17257E468600C0D268 /* KKLog.h in Headers */ = {isa = PBXBuildFile; fileRef = 5516DB15257E468600C0D268 /* KKLog.h */; settings = {ATTRIBUTES = (Public, ); }; };
		5516DB18257E468600C0D268 /* KKLog.m in Sources */ = {isa = PBXBuildFile; fileRef = 5516DB16257E468600C0D268 /* KKLog.m */; };
		55239C0D2587897B00369A19 /* KKMacros.h in Headers */ = {isa = PBXBuildFile; fileRef = 55239C0B2587897B00369A19 /* KKMacros.h */; settings = {ATTRIBUTES = (Public, ); }; };
		55239C1E25879F4300369A19 /* KKThreadTest.m in Sources */ = {isa = PBXBuildFile; fileRef = 55239C1D25879F4300369A19 /* KKThreadTest.m */; };
		55249B7B25A5B11300A8C16D /* ffitarget_arm64.h in Headers */ = {isa = PBXBuildFile; fileRef = 55249B5025A5B11300A8C16D /* ffitarget_arm64.h */; };
		55249B7C25A5B11300A8C16D /* ffitarget.h in Headers */ = {isa = PBXBuildFile; fileRef = 55249B5125A5B11300A8C16D /* ffitarget.h */; };
		55249B7D25A5B11300A8C16D /* ffi_i386.h in Headers */ = {isa = PBXBuildFile; fileRef = 55249B5225A5B11300A8C16D /* ffi_i386.h */; };
		55249B7E25A5B11300A8C16D /* ffitarget_x86_64.h in Headers */ = {isa = PBXBuildFile; fileRef = 55249B5325A5B11300A8C16D /* ffitarget_x86_64.h */; };
		55249B7F25A5B11300A8C16D /* ffitarget_armv7.h in Headers */ = {isa = PBXBuildFile; fileRef = 55249B5425A5B11300A8C16D /* ffitarget_armv7.h */; };
		55249B8025A5B11300A8C16D /* ffi_x86_64.h in Headers */ = {isa = PBXBuildFile; fileRef = 55249B5525A5B11300A8C16D /* ffi_x86_64.h */; };
		55249B8125A5B11300A8C16D /* ffitarget_i386.h in Headers */ = {isa = PBXBuildFile; fileRef = 55249B5625A5B11300A8C16D /* ffitarget_i386.h */; };
		55249B8225A5B11300A8C16D /* ffi_common.h in Headers */ = {isa = PBXBuildFile; fileRef = 55249B5725A5B11300A8C16D /* ffi_common.h */; };
		55249B8325A5B11300A8C16D /* fficonfig.h in Headers */ = {isa = PBXBuildFile; fileRef = 55249B5825A5B11300A8C16D /* fficonfig.h */; };
		55249B8425A5B11300A8C16D /* fficonfig_x86_64.h in Headers */ = {isa = PBXBuildFile; fileRef = 55249B5925A5B11300A8C16D /* fficonfig_x86_64.h */; };
		55249B8525A5B11400A8C16D /* fficonfig_i386.h in Headers */ = {isa = PBXBuildFile; fileRef = 55249B5A25A5B11300A8C16D /* fficonfig_i386.h */; };
		55249B8625A5B11400A8C16D /* fficonfig_armv7.h in Headers */ = {isa = PBXBuildFile; fileRef = 55249B5B25A5B11300A8C16D /* fficonfig_armv7.h */; };
		55249B8725A5B11400A8C16D /* ffi_cfi.h in Headers */ = {isa = PBXBuildFile; fileRef = 55249B5C25A5B11300A8C16D /* ffi_cfi.h */; };
		55249B8825A5B11400A8C16D /* fficonfig_arm64.h in Headers */ = {isa = PBXBuildFile; fileRef = 55249B5D25A5B11300A8C16D /* fficonfig_arm64.h */; };
		55249B8925A5B11400A8C16D /* ffi_armv7.h in Headers */ = {isa = PBXBuildFile; fileRef = 55249B5E25A5B11300A8C16D /* ffi_armv7.h */; };
		55249B8A25A5B11400A8C16D /* ffi.h in Headers */ = {isa = PBXBuildFile; fileRef = 55249B5F25A5B11300A8C16D /* ffi.h */; };
		55249B8B25A5B11400A8C16D /* ffi_arm64.h in Headers */ = {isa = PBXBuildFile; fileRef = 55249B6025A5B11300A8C16D /* ffi_arm64.h */; };
		55249B8C25A5B11400A8C16D /* closures.c in Sources */ = {isa = PBXBuildFile; fileRef = 55249B6225A5B11300A8C16D /* closures.c */; };
		55249B8D25A5B11400A8C16D /* prep_cif.c in Sources */ = {isa = PBXBuildFile; fileRef = 55249B6325A5B11300A8C16D /* prep_cif.c */; };
		55249B8E25A5B11400A8C16D /* debug.c in Sources */ = {isa = PBXBuildFile; fileRef = 55249B6425A5B11300A8C16D /* debug.c */; };
		55249B8F25A5B11400A8C16D /* types.c in Sources */ = {isa = PBXBuildFile; fileRef = 55249B6525A5B11300A8C16D /* types.c */; };
		55249B9025A5B11400A8C16D /* dlmalloc.c in Sources */ = {isa = PBXBuildFile; fileRef = 55249B6625A5B11300A8C16D /* dlmalloc.c */; };
		55249B9125A5B11400A8C16D /* java_raw_api.c in Sources */ = {isa = PBXBuildFile; fileRef = 55249B6725A5B11300A8C16D /* java_raw_api.c */; };
		55249B9225A5B11400A8C16D /* raw_api.c in Sources */ = {isa = PBXBuildFile; fileRef = 55249B6825A5B11300A8C16D /* raw_api.c */; };
		55249B9325A5B11400A8C16D /* internal.h in Headers */ = {isa = PBXBuildFile; fileRef = 55249B6A25A5B11300A8C16D /* internal.h */; };
		55249B9425A5B11400A8C16D /* sysv_arm64.S in Sources */ = {isa = PBXBuildFile; fileRef = 55249B6B25A5B11300A8C16D /* sysv_arm64.S */; };
		55249B9525A5B11400A8C16D /* ffi_arm64.c in Sources */ = {isa = PBXBuildFile; fileRef = 55249B6C25A5B11300A8C16D /* ffi_arm64.c */; };
		55249B9625A5B11400A8C16D /* internal.h in Headers */ = {isa = PBXBuildFile; fileRef = 55249B6E25A5B11300A8C16D /* internal.h */; };
		55249B9725A5B11400A8C16D /* sysv_i386.S in Sources */ = {isa = PBXBuildFile; fileRef = 55249B6F25A5B11300A8C16D /* sysv_i386.S */; };
		55249B9825A5B11400A8C16D /* ffi64_x86_64.c in Sources */ = {isa = PBXBuildFile; fileRef = 55249B7025A5B11300A8C16D /* ffi64_x86_64.c */; };
		55249B9925A5B11400A8C16D /* ffiw64_x86_64.c in Sources */ = {isa = PBXBuildFile; fileRef = 55249B7125A5B11300A8C16D /* ffiw64_x86_64.c */; };
		55249B9A25A5B11400A8C16D /* win64_x86_64.S in Sources */ = {isa = PBXBuildFile; fileRef = 55249B7225A5B11300A8C16D /* win64_x86_64.S */; };
		55249B9B25A5B11400A8C16D /* asmnames.h in Headers */ = {isa = PBXBuildFile; fileRef = 55249B7325A5B11300A8C16D /* asmnames.h */; };
		55249B9C25A5B11400A8C16D /* ffi_i386.c in Sources */ = {isa = PBXBuildFile; fileRef = 55249B7425A5B11300A8C16D /* ffi_i386.c */; };
		55249B9D25A5B11400A8C16D /* unix64_x86_64.S in Sources */ = {isa = PBXBuildFile; fileRef = 55249B7525A5B11300A8C16D /* unix64_x86_64.S */; };
		55249B9E25A5B11400A8C16D /* internal64.h in Headers */ = {isa = PBXBuildFile; fileRef = 55249B7625A5B11300A8C16D /* internal64.h */; };
		55249B9F25A5B11400A8C16D /* sysv_armv7.S in Sources */ = {isa = PBXBuildFile; fileRef = 55249B7825A5B11300A8C16D /* sysv_armv7.S */; };
		55249BA025A5B11400A8C16D /* internal.h in Headers */ = {isa = PBXBuildFile; fileRef = 55249B7925A5B11300A8C16D /* internal.h */; };
		55249BA125A5B11400A8C16D /* ffi_armv7.c in Sources */ = {isa = PBXBuildFile; fileRef = 55249B7A25A5B11300A8C16D /* ffi_armv7.c */; };
		55249D4025A72A0600A8C16D /* KKFramework.framework in Frameworks */ = {isa = PBXBuildFile; fileRef = 55249D3D25A729F800A8C16D /* KKFramework.framework */; };
		553273E425B68E8900DC4A46 /* KKCrashHandler.h in Headers */ = {isa = PBXBuildFile; fileRef = 553273E225B68E8900DC4A46 /* KKCrashHandler.h */; settings = {ATTRIBUTES = (Public, ); }; };
		553273E525B68E8900DC4A46 /* KKCrashHandler.mm in Sources */ = {isa = PBXBuildFile; fileRef = 553273E325B68E8900DC4A46 /* KKCrashHandler.mm */; };
		5539453E25949C1A00F04F83 /* KKFishHookTest.m in Sources */ = {isa = PBXBuildFile; fileRef = 5539453D25949C1900F04F83 /* KKFishHookTest.m */; };
		553945472598E60300F04F83 /* KKSwizzle.h in Headers */ = {isa = PBXBuildFile; fileRef = 553945452598E60300F04F83 /* KKSwizzle.h */; settings = {ATTRIBUTES = (Public, ); }; };
		553945482598E60300F04F83 /* KKSwizzle.m in Sources */ = {isa = PBXBuildFile; fileRef = 553945462598E60300F04F83 /* KKSwizzle.m */; };
		55399049259DAB2A00E6143E /* KKBlock.h in Headers */ = {isa = PBXBuildFile; fileRef = 55399047259DAB2A00E6143E /* KKBlock.h */; settings = {ATTRIBUTES = (Public, ); }; };
		5539904A259DAB2A00E6143E /* KKBlock.m in Sources */ = {isa = PBXBuildFile; fileRef = 55399048259DAB2A00E6143E /* KKBlock.m */; };
		55399051259DB13800E6143E /* KKAutoreleasePoolPage.h in Headers */ = {isa = PBXBuildFile; fileRef = 5539904F259DB13700E6143E /* KKAutoreleasePoolPage.h */; settings = {ATTRIBUTES = (Public, ); }; };
		55399052259DB13800E6143E /* KKAutoreleasePoolPage.mm in Sources */ = {isa = PBXBuildFile; fileRef = 55399050259DB13800E6143E /* KKAutoreleasePoolPage.mm */; };
		55399062259DC37F00E6143E /* KKObjCABITest.m in Sources */ = {isa = PBXBuildFile; fileRef = 55399061259DC37F00E6143E /* KKObjCABITest.m */; };
		556967CE2589DEA700B52BA7 /* KKObject.h in Headers */ = {isa = PBXBuildFile; fileRef = 556967CD2589DEA700B52BA7 /* KKObject.h */; settings = {ATTRIBUTES = (Public, ); }; };
		5569680A2589F5BD00B52BA7 /* KKObject.mm in Sources */ = {isa = PBXBuildFile; fileRef = 556968092589F5BD00B52BA7 /* KKObject.mm */; settings = {COMPILER_FLAGS = "-fno-objc-arc"; }; };
		5569681E258A038200B52BA7 /* KKAutoreleasePoolPageTest.m in Sources */ = {isa = PBXBuildFile; fileRef = 5569681D258A038200B52BA7 /* KKAutoreleasePoolPageTest.m */; };
		55696824258A084F00B52BA7 /* KKDynamicLinkerTest.m in Sources */ = {isa = PBXBuildFile; fileRef = 55696823258A084F00B52BA7 /* KKDynamicLinkerTest.m */; };
		55696829258A0D6000B52BA7 /* KKDescribable.h in Headers */ = {isa = PBXBuildFile; fileRef = 55696827258A0D6000B52BA7 /* KKDescribable.h */; settings = {ATTRIBUTES = (Public, ); }; };
		5569682A258A0D6000B52BA7 /* KKDescribable.m in Sources */ = {isa = PBXBuildFile; fileRef = 55696828258A0D6000B52BA7 /* KKDescribable.m */; };
		55696830258A3F7500B52BA7 /* KKCrashHandlerTest.mm in Sources */ = {isa = PBXBuildFile; fileRef = 5569682F258A3F7500B52BA7 /* KKCrashHandlerTest.mm */; };
		55696835258B877900B52BA7 /* KKExceptionHandler.h in Headers */ = {isa = PBXBuildFile; fileRef = 55696833258B877900B52BA7 /* KKExceptionHandler.h */; settings = {ATTRIBUTES = (Public, ); }; };
		55696836258B877900B52BA7 /* KKExceptionHandler.mm in Sources */ = {isa = PBXBuildFile; fileRef = 55696834258B877900B52BA7 /* KKExceptionHandler.mm */; };
		556969722593483900B52BA7 /* KKTerminationHandler.h in Headers */ = {isa = PBXBuildFile; fileRef = 556969702593483900B52BA7 /* KKTerminationHandler.h */; settings = {ATTRIBUTES = (Public, ); }; };
		556969732593483900B52BA7 /* KKTerminationHandler.mm in Sources */ = {isa = PBXBuildFile; fileRef = 556969712593483900B52BA7 /* KKTerminationHandler.mm */; };
/* End PBXBuildFile section */

/* Begin PBXContainerItemProxy section */
		5516DA8B2578E44C00C0D268 /* PBXContainerItemProxy */ = {
			isa = PBXContainerItemProxy;
			containerPortal = 5516DA5F2578E34A00C0D268 /* Project object */;
			proxyType = 1;
			remoteGlobalIDString = 5516DA672578E34A00C0D268;
			remoteInfo = KernelKit;
		};
		55249D3C25A729F800A8C16D /* PBXContainerItemProxy */ = {
			isa = PBXContainerItemProxy;
			containerPortal = 55249D3825A729F800A8C16D /* KKFramework.xcodeproj */;
			proxyType = 2;
			remoteGlobalIDString = 55249CFE25A7281100A8C16D;
			remoteInfo = KKFramework;
		};
		55249D3E25A72A0300A8C16D /* PBXContainerItemProxy */ = {
			isa = PBXContainerItemProxy;
			containerPortal = 55249D3825A729F800A8C16D /* KKFramework.xcodeproj */;
			proxyType = 1;
			remoteGlobalIDString = 55249CFD25A7281100A8C16D;
			remoteInfo = KKFramework;
		};
/* End PBXContainerItemProxy section */

/* Begin PBXFileReference section */
		5516DA682578E34A00C0D268 /* KernelKit.framework */ = {isa = PBXFileReference; explicitFileType = wrapper.framework; includeInIndex = 0; path = KernelKit.framework; sourceTree = BUILT_PRODUCTS_DIR; };
		5516DA6B2578E34A00C0D268 /* KernelKit.h */ = {isa = PBXFileReference; lastKnownFileType = sourcecode.c.h; path = KernelKit.h; sourceTree = "<group>"; };
		5516DA6C2578E34A00C0D268 /* Info.plist */ = {isa = PBXFileReference; lastKnownFileType = text.plist.xml; path = Info.plist; sourceTree = "<group>"; };
		5516DA762578E3D000C0D268 /* KKThread.h */ = {isa = PBXFileReference; lastKnownFileType = sourcecode.c.h; path = KKThread.h; sourceTree = "<group>"; };
		5516DA772578E3D000C0D268 /* KKThread.mm */ = {isa = PBXFileReference; lastKnownFileType = sourcecode.cpp.objcpp; path = KKThread.mm; sourceTree = "<group>"; };
		5516DA7C2578E41600C0D268 /* KKMemoryMapping.h */ = {isa = PBXFileReference; lastKnownFileType = sourcecode.c.h; path = KKMemoryMapping.h; sourceTree = "<group>"; };
		5516DA7D2578E41600C0D268 /* KKMemoryMapping.m */ = {isa = PBXFileReference; lastKnownFileType = sourcecode.c.objc; path = KKMemoryMapping.m; sourceTree = "<group>"; };
		5516DA852578E44C00C0D268 /* KernelKitTests.xctest */ = {isa = PBXFileReference; explicitFileType = wrapper.cfbundle; includeInIndex = 0; path = KernelKitTests.xctest; sourceTree = BUILT_PRODUCTS_DIR; };
		5516DA872578E44C00C0D268 /* KernelKitTests.m */ = {isa = PBXFileReference; lastKnownFileType = sourcecode.c.objc; path = KernelKitTests.m; sourceTree = "<group>"; };
		5516DA892578E44C00C0D268 /* Info.plist */ = {isa = PBXFileReference; lastKnownFileType = text.plist.xml; path = Info.plist; sourceTree = "<group>"; };
		5516DA952578E50F00C0D268 /* KKOOMTracker.h */ = {isa = PBXFileReference; lastKnownFileType = sourcecode.c.h; path = KKOOMTracker.h; sourceTree = "<group>"; };
		5516DA962578E50F00C0D268 /* KKOOMTracker.m */ = {isa = PBXFileReference; lastKnownFileType = sourcecode.c.objc; path = KKOOMTracker.m; sourceTree = "<group>"; };
		5516DAA825791E4D00C0D268 /* KKDynamicLinker.h */ = {isa = PBXFileReference; lastKnownFileType = sourcecode.c.h; path = KKDynamicLinker.h; sourceTree = "<group>"; };
		5516DAA925791E4D00C0D268 /* KKDynamicLinker.mm */ = {isa = PBXFileReference; lastKnownFileType = sourcecode.cpp.objcpp; path = KKDynamicLinker.mm; sourceTree = "<group>"; };
		5516DABA257A2BC600C0D268 /* KKMemoryMappingTest.m */ = {isa = PBXFileReference; lastKnownFileType = sourcecode.c.objc; path = KKMemoryMappingTest.m; sourceTree = "<group>"; };
		5516DAC3257A2F9500C0D268 /* KKFishHook.h */ = {isa = PBXFileReference; lastKnownFileType = sourcecode.c.h; path = KKFishHook.h; sourceTree = "<group>"; };
		5516DAC4257A2F9500C0D268 /* KKFishHook.mm */ = {isa = PBXFileReference; lastKnownFileType = sourcecode.cpp.objcpp; path = KKFishHook.mm; sourceTree = "<group>"; };
		5516DAE0257A3E3400C0D268 /* fishhook.h */ = {isa = PBXFileReference; fileEncoding = 4; lastKnownFileType = sourcecode.c.h; path = fishhook.h; sourceTree = "<group>"; };
		5516DAE1257A3E3400C0D268 /* fishhook.c */ = {isa = PBXFileReference; fileEncoding = 4; lastKnownFileType = sourcecode.c.c; path = fishhook.c; sourceTree = "<group>"; };
		5516DB08257E1B8300C0D268 /* KKSignalHandler.h */ = {isa = PBXFileReference; lastKnownFileType = sourcecode.c.h; path = KKSignalHandler.h; sourceTree = "<group>"; };
		5516DB09257E1B8300C0D268 /* KKSignalHandler.mm */ = {isa = PBXFileReference; lastKnownFileType = sourcecode.cpp.objcpp; path = KKSignalHandler.mm; sourceTree = "<group>"; };
		5516DB15257E468600C0D268 /* KKLog.h */ = {isa = PBXFileReference; lastKnownFileType = sourcecode.c.h; path = KKLog.h; sourceTree = "<group>"; };
		5516DB16257E468600C0D268 /* KKLog.m */ = {isa = PBXFileReference; lastKnownFileType = sourcecode.c.objc; path = KKLog.m; sourceTree = "<group>"; };
		55239C0B2587897B00369A19 /* KKMacros.h */ = {isa = PBXFileReference; lastKnownFileType = sourcecode.c.h; path = KKMacros.h; sourceTree = "<group>"; };
		55239C1D25879F4300369A19 /* KKThreadTest.m */ = {isa = PBXFileReference; lastKnownFileType = sourcecode.c.objc; path = KKThreadTest.m; sourceTree = "<group>"; };
		55249B5025A5B11300A8C16D /* ffitarget_arm64.h */ = {isa = PBXFileReference; fileEncoding = 4; lastKnownFileType = sourcecode.c.h; path = ffitarget_arm64.h; sourceTree = "<group>"; };
		55249B5125A5B11300A8C16D /* ffitarget.h */ = {isa = PBXFileReference; fileEncoding = 4; lastKnownFileType = sourcecode.c.h; path = ffitarget.h; sourceTree = "<group>"; };
		55249B5225A5B11300A8C16D /* ffi_i386.h */ = {isa = PBXFileReference; fileEncoding = 4; lastKnownFileType = sourcecode.c.h; path = ffi_i386.h; sourceTree = "<group>"; };
		55249B5325A5B11300A8C16D /* ffitarget_x86_64.h */ = {isa = PBXFileReference; fileEncoding = 4; lastKnownFileType = sourcecode.c.h; path = ffitarget_x86_64.h; sourceTree = "<group>"; };
		55249B5425A5B11300A8C16D /* ffitarget_armv7.h */ = {isa = PBXFileReference; fileEncoding = 4; lastKnownFileType = sourcecode.c.h; path = ffitarget_armv7.h; sourceTree = "<group>"; };
		55249B5525A5B11300A8C16D /* ffi_x86_64.h */ = {isa = PBXFileReference; fileEncoding = 4; lastKnownFileType = sourcecode.c.h; path = ffi_x86_64.h; sourceTree = "<group>"; };
		55249B5625A5B11300A8C16D /* ffitarget_i386.h */ = {isa = PBXFileReference; fileEncoding = 4; lastKnownFileType = sourcecode.c.h; path = ffitarget_i386.h; sourceTree = "<group>"; };
		55249B5725A5B11300A8C16D /* ffi_common.h */ = {isa = PBXFileReference; fileEncoding = 4; lastKnownFileType = sourcecode.c.h; path = ffi_common.h; sourceTree = "<group>"; };
		55249B5825A5B11300A8C16D /* fficonfig.h */ = {isa = PBXFileReference; fileEncoding = 4; lastKnownFileType = sourcecode.c.h; path = fficonfig.h; sourceTree = "<group>"; };
		55249B5925A5B11300A8C16D /* fficonfig_x86_64.h */ = {isa = PBXFileReference; fileEncoding = 4; lastKnownFileType = sourcecode.c.h; path = fficonfig_x86_64.h; sourceTree = "<group>"; };
		55249B5A25A5B11300A8C16D /* fficonfig_i386.h */ = {isa = PBXFileReference; fileEncoding = 4; lastKnownFileType = sourcecode.c.h; path = fficonfig_i386.h; sourceTree = "<group>"; };
		55249B5B25A5B11300A8C16D /* fficonfig_armv7.h */ = {isa = PBXFileReference; fileEncoding = 4; lastKnownFileType = sourcecode.c.h; path = fficonfig_armv7.h; sourceTree = "<group>"; };
		55249B5C25A5B11300A8C16D /* ffi_cfi.h */ = {isa = PBXFileReference; fileEncoding = 4; lastKnownFileType = sourcecode.c.h; path = ffi_cfi.h; sourceTree = "<group>"; };
		55249B5D25A5B11300A8C16D /* fficonfig_arm64.h */ = {isa = PBXFileReference; fileEncoding = 4; lastKnownFileType = sourcecode.c.h; path = fficonfig_arm64.h; sourceTree = "<group>"; };
		55249B5E25A5B11300A8C16D /* ffi_armv7.h */ = {isa = PBXFileReference; fileEncoding = 4; lastKnownFileType = sourcecode.c.h; path = ffi_armv7.h; sourceTree = "<group>"; };
		55249B5F25A5B11300A8C16D /* ffi.h */ = {isa = PBXFileReference; fileEncoding = 4; lastKnownFileType = sourcecode.c.h; path = ffi.h; sourceTree = "<group>"; };
		55249B6025A5B11300A8C16D /* ffi_arm64.h */ = {isa = PBXFileReference; fileEncoding = 4; lastKnownFileType = sourcecode.c.h; path = ffi_arm64.h; sourceTree = "<group>"; };
		55249B6225A5B11300A8C16D /* closures.c */ = {isa = PBXFileReference; fileEncoding = 4; lastKnownFileType = sourcecode.c.c; path = closures.c; sourceTree = "<group>"; };
		55249B6325A5B11300A8C16D /* prep_cif.c */ = {isa = PBXFileReference; fileEncoding = 4; lastKnownFileType = sourcecode.c.c; path = prep_cif.c; sourceTree = "<group>"; };
		55249B6425A5B11300A8C16D /* debug.c */ = {isa = PBXFileReference; fileEncoding = 4; lastKnownFileType = sourcecode.c.c; path = debug.c; sourceTree = "<group>"; };
		55249B6525A5B11300A8C16D /* types.c */ = {isa = PBXFileReference; fileEncoding = 4; lastKnownFileType = sourcecode.c.c; path = types.c; sourceTree = "<group>"; };
		55249B6625A5B11300A8C16D /* dlmalloc.c */ = {isa = PBXFileReference; fileEncoding = 4; lastKnownFileType = sourcecode.c.c; path = dlmalloc.c; sourceTree = "<group>"; };
		55249B6725A5B11300A8C16D /* java_raw_api.c */ = {isa = PBXFileReference; fileEncoding = 4; lastKnownFileType = sourcecode.c.c; path = java_raw_api.c; sourceTree = "<group>"; };
		55249B6825A5B11300A8C16D /* raw_api.c */ = {isa = PBXFileReference; fileEncoding = 4; lastKnownFileType = sourcecode.c.c; path = raw_api.c; sourceTree = "<group>"; };
		55249B6A25A5B11300A8C16D /* internal.h */ = {isa = PBXFileReference; fileEncoding = 4; lastKnownFileType = sourcecode.c.h; path = internal.h; sourceTree = "<group>"; };
		55249B6B25A5B11300A8C16D /* sysv_arm64.S */ = {isa = PBXFileReference; fileEncoding = 4; lastKnownFileType = sourcecode.asm; path = sysv_arm64.S; sourceTree = "<group>"; };
		55249B6C25A5B11300A8C16D /* ffi_arm64.c */ = {isa = PBXFileReference; fileEncoding = 4; lastKnownFileType = sourcecode.c.c; path = ffi_arm64.c; sourceTree = "<group>"; };
		55249B6E25A5B11300A8C16D /* internal.h */ = {isa = PBXFileReference; fileEncoding = 4; lastKnownFileType = sourcecode.c.h; path = internal.h; sourceTree = "<group>"; };
		55249B6F25A5B11300A8C16D /* sysv_i386.S */ = {isa = PBXFileReference; fileEncoding = 4; lastKnownFileType = sourcecode.asm; path = sysv_i386.S; sourceTree = "<group>"; };
		55249B7025A5B11300A8C16D /* ffi64_x86_64.c */ = {isa = PBXFileReference; fileEncoding = 4; lastKnownFileType = sourcecode.c.c; path = ffi64_x86_64.c; sourceTree = "<group>"; };
		55249B7125A5B11300A8C16D /* ffiw64_x86_64.c */ = {isa = PBXFileReference; fileEncoding = 4; lastKnownFileType = sourcecode.c.c; path = ffiw64_x86_64.c; sourceTree = "<group>"; };
		55249B7225A5B11300A8C16D /* win64_x86_64.S */ = {isa = PBXFileReference; fileEncoding = 4; lastKnownFileType = sourcecode.asm; path = win64_x86_64.S; sourceTree = "<group>"; };
		55249B7325A5B11300A8C16D /* asmnames.h */ = {isa = PBXFileReference; fileEncoding = 4; lastKnownFileType = sourcecode.c.h; path = asmnames.h; sourceTree = "<group>"; };
		55249B7425A5B11300A8C16D /* ffi_i386.c */ = {isa = PBXFileReference; fileEncoding = 4; lastKnownFileType = sourcecode.c.c; path = ffi_i386.c; sourceTree = "<group>"; };
		55249B7525A5B11300A8C16D /* unix64_x86_64.S */ = {isa = PBXFileReference; fileEncoding = 4; lastKnownFileType = sourcecode.asm; path = unix64_x86_64.S; sourceTree = "<group>"; };
		55249B7625A5B11300A8C16D /* internal64.h */ = {isa = PBXFileReference; fileEncoding = 4; lastKnownFileType = sourcecode.c.h; path = internal64.h; sourceTree = "<group>"; };
		55249B7825A5B11300A8C16D /* sysv_armv7.S */ = {isa = PBXFileReference; fileEncoding = 4; lastKnownFileType = sourcecode.asm; path = sysv_armv7.S; sourceTree = "<group>"; };
		55249B7925A5B11300A8C16D /* internal.h */ = {isa = PBXFileReference; fileEncoding = 4; lastKnownFileType = sourcecode.c.h; path = internal.h; sourceTree = "<group>"; };
		55249B7A25A5B11300A8C16D /* ffi_armv7.c */ = {isa = PBXFileReference; fileEncoding = 4; lastKnownFileType = sourcecode.c.c; path = ffi_armv7.c; sourceTree = "<group>"; };
		55249D3825A729F800A8C16D /* KKFramework.xcodeproj */ = {isa = PBXFileReference; lastKnownFileType = "wrapper.pb-project"; name = KKFramework.xcodeproj; path = KKFramework/KKFramework.xcodeproj; sourceTree = SOURCE_ROOT; };
		553273E225B68E8900DC4A46 /* KKCrashHandler.h */ = {isa = PBXFileReference; lastKnownFileType = sourcecode.c.h; path = KKCrashHandler.h; sourceTree = "<group>"; };
		553273E325B68E8900DC4A46 /* KKCrashHandler.mm */ = {isa = PBXFileReference; lastKnownFileType = sourcecode.cpp.objcpp; path = KKCrashHandler.mm; sourceTree = "<group>"; };
		5539453D25949C1900F04F83 /* KKFishHookTest.m */ = {isa = PBXFileReference; lastKnownFileType = sourcecode.c.objc; path = KKFishHookTest.m; sourceTree = "<group>"; };
		553945452598E60300F04F83 /* KKSwizzle.h */ = {isa = PBXFileReference; lastKnownFileType = sourcecode.c.h; path = KKSwizzle.h; sourceTree = "<group>"; };
		553945462598E60300F04F83 /* KKSwizzle.m */ = {isa = PBXFileReference; lastKnownFileType = sourcecode.c.objc; path = KKSwizzle.m; sourceTree = "<group>"; };
		55399047259DAB2A00E6143E /* KKBlock.h */ = {isa = PBXFileReference; lastKnownFileType = sourcecode.c.h; path = KKBlock.h; sourceTree = "<group>"; };
		55399048259DAB2A00E6143E /* KKBlock.m */ = {isa = PBXFileReference; lastKnownFileType = sourcecode.c.objc; path = KKBlock.m; sourceTree = "<group>"; };
		5539904F259DB13700E6143E /* KKAutoreleasePoolPage.h */ = {isa = PBXFileReference; fileEncoding = 4; lastKnownFileType = sourcecode.c.h; path = KKAutoreleasePoolPage.h; sourceTree = "<group>"; };
		55399050259DB13800E6143E /* KKAutoreleasePoolPage.mm */ = {isa = PBXFileReference; fileEncoding = 4; lastKnownFileType = sourcecode.cpp.objcpp; path = KKAutoreleasePoolPage.mm; sourceTree = "<group>"; };
		55399061259DC37F00E6143E /* KKObjCABITest.m */ = {isa = PBXFileReference; lastKnownFileType = sourcecode.c.objc; path = KKObjCABITest.m; sourceTree = "<group>"; };
		556967CD2589DEA700B52BA7 /* KKObject.h */ = {isa = PBXFileReference; fileEncoding = 4; lastKnownFileType = sourcecode.c.h; path = KKObject.h; sourceTree = "<group>"; };
		556968092589F5BD00B52BA7 /* KKObject.mm */ = {isa = PBXFileReference; lastKnownFileType = sourcecode.cpp.objcpp; path = KKObject.mm; sourceTree = "<group>"; };
		5569681D258A038200B52BA7 /* KKAutoreleasePoolPageTest.m */ = {isa = PBXFileReference; fileEncoding = 4; lastKnownFileType = sourcecode.c.objc; path = KKAutoreleasePoolPageTest.m; sourceTree = "<group>"; };
		55696823258A084F00B52BA7 /* KKDynamicLinkerTest.m */ = {isa = PBXFileReference; lastKnownFileType = sourcecode.c.objc; path = KKDynamicLinkerTest.m; sourceTree = "<group>"; };
		55696827258A0D6000B52BA7 /* KKDescribable.h */ = {isa = PBXFileReference; lastKnownFileType = sourcecode.c.h; path = KKDescribable.h; sourceTree = "<group>"; };
		55696828258A0D6000B52BA7 /* KKDescribable.m */ = {isa = PBXFileReference; lastKnownFileType = sourcecode.c.objc; path = KKDescribable.m; sourceTree = "<group>"; };
		5569682F258A3F7500B52BA7 /* KKCrashHandlerTest.mm */ = {isa = PBXFileReference; lastKnownFileType = sourcecode.cpp.objcpp; path = KKCrashHandlerTest.mm; sourceTree = "<group>"; };
		55696833258B877900B52BA7 /* KKExceptionHandler.h */ = {isa = PBXFileReference; lastKnownFileType = sourcecode.c.h; path = KKExceptionHandler.h; sourceTree = "<group>"; };
		55696834258B877900B52BA7 /* KKExceptionHandler.mm */ = {isa = PBXFileReference; lastKnownFileType = sourcecode.cpp.objcpp; path = KKExceptionHandler.mm; sourceTree = "<group>"; };
		556969702593483900B52BA7 /* KKTerminationHandler.h */ = {isa = PBXFileReference; lastKnownFileType = sourcecode.c.h; path = KKTerminationHandler.h; sourceTree = "<group>"; };
		556969712593483900B52BA7 /* KKTerminationHandler.mm */ = {isa = PBXFileReference; lastKnownFileType = sourcecode.cpp.objcpp; path = KKTerminationHandler.mm; sourceTree = "<group>"; };
/* End PBXFileReference section */

/* Begin PBXFrameworksBuildPhase section */
		5516DA652578E34A00C0D268 /* Frameworks */ = {
			isa = PBXFrameworksBuildPhase;
			buildActionMask = 2147483647;
			files = (
			);
			runOnlyForDeploymentPostprocessing = 0;
		};
		5516DA822578E44C00C0D268 /* Frameworks */ = {
			isa = PBXFrameworksBuildPhase;
			buildActionMask = 2147483647;
			files = (
				55249D4025A72A0600A8C16D /* KKFramework.framework in Frameworks */,
				5516DA8A2578E44C00C0D268 /* KernelKit.framework in Frameworks */,
			);
			runOnlyForDeploymentPostprocessing = 0;
		};
/* End PBXFrameworksBuildPhase section */

/* Begin PBXGroup section */
		5516DA5E2578E34A00C0D268 = {
			isa = PBXGroup;
			children = (
				5516DA6A2578E34A00C0D268 /* KernelKit */,
				5516DA862578E44C00C0D268 /* KernelKitTests */,
				5516DA692578E34A00C0D268 /* Products */,
				E3FA148BCEFE579AE74B7313 /* Frameworks */,
			);
			sourceTree = "<group>";
		};
		5516DA692578E34A00C0D268 /* Products */ = {
			isa = PBXGroup;
			children = (
				5516DA682578E34A00C0D268 /* KernelKit.framework */,
				5516DA852578E44C00C0D268 /* KernelKitTests.xctest */,
			);
			name = Products;
			sourceTree = "<group>";
		};
		5516DA6A2578E34A00C0D268 /* KernelKit */ = {
			isa = PBXGroup;
			children = (
				55249A3125A58AFD00A8C16D /* FFI */,
				556967CC2589DEA700B52BA7 /* ObjC */,
				5516DB14257E466E00C0D268 /* Utils */,
				5516DB07257E1B6800C0D268 /* Crash */,
				5516DAC2257A2F5100C0D268 /* Hook */,
				5516DAA725791E0D00C0D268 /* DYLD */,
				5516DA942578E4FC00C0D268 /* Memory */,
				5516DA752578E36B00C0D268 /* IO */,
				5516DA742578E35D00C0D268 /* Thread */,
				5516DA6B2578E34A00C0D268 /* KernelKit.h */,
				5516DA6C2578E34A00C0D268 /* Info.plist */,
			);
			path = KernelKit;
			sourceTree = "<group>";
		};
		5516DA742578E35D00C0D268 /* Thread */ = {
			isa = PBXGroup;
			children = (
				5516DA762578E3D000C0D268 /* KKThread.h */,
				5516DA772578E3D000C0D268 /* KKThread.mm */,
			);
			path = Thread;
			sourceTree = "<group>";
		};
		5516DA752578E36B00C0D268 /* IO */ = {
			isa = PBXGroup;
			children = (
				5516DA7C2578E41600C0D268 /* KKMemoryMapping.h */,
				5516DA7D2578E41600C0D268 /* KKMemoryMapping.m */,
			);
			path = IO;
			sourceTree = "<group>";
		};
		5516DA862578E44C00C0D268 /* KernelKitTests */ = {
			isa = PBXGroup;
			children = (
				55249D3825A729F800A8C16D /* KKFramework.xcodeproj */,
				5516DA872578E44C00C0D268 /* KernelKitTests.m */,
				55239C1D25879F4300369A19 /* KKThreadTest.m */,
				5516DABA257A2BC600C0D268 /* KKMemoryMappingTest.m */,
				5569681D258A038200B52BA7 /* KKAutoreleasePoolPageTest.m */,
				55696823258A084F00B52BA7 /* KKDynamicLinkerTest.m */,
				5569682F258A3F7500B52BA7 /* KKCrashHandlerTest.mm */,
				5539453D25949C1900F04F83 /* KKFishHookTest.m */,
				55399061259DC37F00E6143E /* KKObjCABITest.m */,
				5516DA892578E44C00C0D268 /* Info.plist */,
			);
			path = KernelKitTests;
			sourceTree = "<group>";
		};
		5516DA942578E4FC00C0D268 /* Memory */ = {
			isa = PBXGroup;
			children = (
				5516DA952578E50F00C0D268 /* KKOOMTracker.h */,
				5516DA962578E50F00C0D268 /* KKOOMTracker.m */,
			);
			path = Memory;
			sourceTree = "<group>";
		};
		5516DAA725791E0D00C0D268 /* DYLD */ = {
			isa = PBXGroup;
			children = (
				5516DAA825791E4D00C0D268 /* KKDynamicLinker.h */,
				5516DAA925791E4D00C0D268 /* KKDynamicLinker.mm */,
			);
			path = DYLD;
			sourceTree = "<group>";
		};
		5516DAC2257A2F5100C0D268 /* Hook */ = {
			isa = PBXGroup;
			children = (
				553945452598E60300F04F83 /* KKSwizzle.h */,
				553945462598E60300F04F83 /* KKSwizzle.m */,
				5516DAC3257A2F9500C0D268 /* KKFishHook.h */,
				5516DAC4257A2F9500C0D268 /* KKFishHook.mm */,
				5516DAE0257A3E3400C0D268 /* fishhook.h */,
				5516DAE1257A3E3400C0D268 /* fishhook.c */,
			);
			path = Hook;
			sourceTree = "<group>";
		};
		5516DB07257E1B6800C0D268 /* Crash */ = {
			isa = PBXGroup;
			children = (
				5516DB08257E1B8300C0D268 /* KKSignalHandler.h */,
				5516DB09257E1B8300C0D268 /* KKSignalHandler.mm */,
				55696833258B877900B52BA7 /* KKExceptionHandler.h */,
				55696834258B877900B52BA7 /* KKExceptionHandler.mm */,
				556969702593483900B52BA7 /* KKTerminationHandler.h */,
				556969712593483900B52BA7 /* KKTerminationHandler.mm */,
				553273E225B68E8900DC4A46 /* KKCrashHandler.h */,
				553273E325B68E8900DC4A46 /* KKCrashHandler.mm */,
			);
			path = Crash;
			sourceTree = "<group>";
		};
		5516DB14257E466E00C0D268 /* Utils */ = {
			isa = PBXGroup;
			children = (
				5516DB15257E468600C0D268 /* KKLog.h */,
				5516DB16257E468600C0D268 /* KKLog.m */,
				55239C0B2587897B00369A19 /* KKMacros.h */,
				55696827258A0D6000B52BA7 /* KKDescribable.h */,
				55696828258A0D6000B52BA7 /* KKDescribable.m */,
			);
			path = Utils;
			sourceTree = "<group>";
		};
		55249A3125A58AFD00A8C16D /* FFI */ = {
			isa = PBXGroup;
			children = (
				55249B4F25A5B11300A8C16D /* include */,
				55249B6125A5B11300A8C16D /* common */,
				55249B6925A5B11300A8C16D /* aarch64 */,
				55249B7725A5B11300A8C16D /* arm */,
				55249B6D25A5B11300A8C16D /* x86 */,
			);
			path = FFI;
			sourceTree = "<group>";
		};
		55249B4F25A5B11300A8C16D /* include */ = {
			isa = PBXGroup;
			children = (
				55249B5025A5B11300A8C16D /* ffitarget_arm64.h */,
				55249B5125A5B11300A8C16D /* ffitarget.h */,
				55249B5225A5B11300A8C16D /* ffi_i386.h */,
				55249B5325A5B11300A8C16D /* ffitarget_x86_64.h */,
				55249B5425A5B11300A8C16D /* ffitarget_armv7.h */,
				55249B5525A5B11300A8C16D /* ffi_x86_64.h */,
				55249B5625A5B11300A8C16D /* ffitarget_i386.h */,
				55249B5725A5B11300A8C16D /* ffi_common.h */,
				55249B5825A5B11300A8C16D /* fficonfig.h */,
				55249B5925A5B11300A8C16D /* fficonfig_x86_64.h */,
				55249B5A25A5B11300A8C16D /* fficonfig_i386.h */,
				55249B5B25A5B11300A8C16D /* fficonfig_armv7.h */,
				55249B5C25A5B11300A8C16D /* ffi_cfi.h */,
				55249B5D25A5B11300A8C16D /* fficonfig_arm64.h */,
				55249B5E25A5B11300A8C16D /* ffi_armv7.h */,
				55249B5F25A5B11300A8C16D /* ffi.h */,
				55249B6025A5B11300A8C16D /* ffi_arm64.h */,
			);
			path = include;
			sourceTree = "<group>";
		};
		55249B6125A5B11300A8C16D /* common */ = {
			isa = PBXGroup;
			children = (
				55249B6225A5B11300A8C16D /* closures.c */,
				55249B6325A5B11300A8C16D /* prep_cif.c */,
				55249B6425A5B11300A8C16D /* debug.c */,
				55249B6525A5B11300A8C16D /* types.c */,
				55249B6625A5B11300A8C16D /* dlmalloc.c */,
				55249B6725A5B11300A8C16D /* java_raw_api.c */,
				55249B6825A5B11300A8C16D /* raw_api.c */,
			);
			path = common;
			sourceTree = "<group>";
		};
		55249B6925A5B11300A8C16D /* aarch64 */ = {
			isa = PBXGroup;
			children = (
				55249B6A25A5B11300A8C16D /* internal.h */,
				55249B6B25A5B11300A8C16D /* sysv_arm64.S */,
				55249B6C25A5B11300A8C16D /* ffi_arm64.c */,
			);
			path = aarch64;
			sourceTree = "<group>";
		};
		55249B6D25A5B11300A8C16D /* x86 */ = {
			isa = PBXGroup;
			children = (
				55249B6E25A5B11300A8C16D /* internal.h */,
				55249B6F25A5B11300A8C16D /* sysv_i386.S */,
				55249B7025A5B11300A8C16D /* ffi64_x86_64.c */,
				55249B7125A5B11300A8C16D /* ffiw64_x86_64.c */,
				55249B7225A5B11300A8C16D /* win64_x86_64.S */,
				55249B7325A5B11300A8C16D /* asmnames.h */,
				55249B7425A5B11300A8C16D /* ffi_i386.c */,
				55249B7525A5B11300A8C16D /* unix64_x86_64.S */,
				55249B7625A5B11300A8C16D /* internal64.h */,
			);
			path = x86;
			sourceTree = "<group>";
		};
		55249B7725A5B11300A8C16D /* arm */ = {
			isa = PBXGroup;
			children = (
				55249B7825A5B11300A8C16D /* sysv_armv7.S */,
				55249B7925A5B11300A8C16D /* internal.h */,
				55249B7A25A5B11300A8C16D /* ffi_armv7.c */,
			);
			path = arm;
			sourceTree = "<group>";
		};
		55249D3925A729F800A8C16D /* Products */ = {
			isa = PBXGroup;
			children = (
				55249D3D25A729F800A8C16D /* KKFramework.framework */,
			);
			name = Products;
			sourceTree = "<group>";
		};
		556967CC2589DEA700B52BA7 /* ObjC */ = {
			isa = PBXGroup;
			children = (
				55399047259DAB2A00E6143E /* KKBlock.h */,
				55399048259DAB2A00E6143E /* KKBlock.m */,
				556967CD2589DEA700B52BA7 /* KKObject.h */,
				556968092589F5BD00B52BA7 /* KKObject.mm */,
				5539904F259DB13700E6143E /* KKAutoreleasePoolPage.h */,
				55399050259DB13800E6143E /* KKAutoreleasePoolPage.mm */,
			);
			path = ObjC;
			sourceTree = "<group>";
		};
		E3FA148BCEFE579AE74B7313 /* Frameworks */ = {
			isa = PBXGroup;
			children = (
			);
			name = Frameworks;
			sourceTree = "<group>";
		};
/* End PBXGroup section */

/* Begin PBXHeadersBuildPhase section */
		5516DA632578E34A00C0D268 /* Headers */ = {
			isa = PBXHeadersBuildPhase;
			buildActionMask = 2147483647;
			files = (
				55249B8A25A5B11400A8C16D /* ffi.h in Headers */,
				55249B8325A5B11300A8C16D /* fficonfig.h in Headers */,
				55249B9B25A5B11400A8C16D /* asmnames.h in Headers */,
				55249B8825A5B11400A8C16D /* fficonfig_arm64.h in Headers */,
				55249B8925A5B11400A8C16D /* ffi_armv7.h in Headers */,
				5516DA782578E3D000C0D268 /* KKThread.h in Headers */,
				5516DA6D2578E34A00C0D268 /* KernelKit.h in Headers */,
				55249B7E25A5B11300A8C16D /* ffitarget_x86_64.h in Headers */,
				5516DAAA25791E4D00C0D268 /* KKDynamicLinker.h in Headers */,
				5516DAC5257A2F9500C0D268 /* KKFishHook.h in Headers */,
				55249B8425A5B11300A8C16D /* fficonfig_x86_64.h in Headers */,
				55249BA025A5B11400A8C16D /* internal.h in Headers */,
				5516DB0A257E1B8300C0D268 /* KKSignalHandler.h in Headers */,
				55249B8025A5B11300A8C16D /* ffi_x86_64.h in Headers */,
				55249B7F25A5B11300A8C16D /* ffitarget_armv7.h in Headers */,
				553273E425B68E8900DC4A46 /* KKCrashHandler.h in Headers */,
				55249B8225A5B11300A8C16D /* ffi_common.h in Headers */,
				5516DAE2257A3E3400C0D268 /* fishhook.h in Headers */,
				55249B7D25A5B11300A8C16D /* ffi_i386.h in Headers */,
				5516DB17257E468600C0D268 /* KKLog.h in Headers */,
				55249B8625A5B11400A8C16D /* fficonfig_armv7.h in Headers */,
				55249B8125A5B11300A8C16D /* ffitarget_i386.h in Headers */,
				55696829258A0D6000B52BA7 /* KKDescribable.h in Headers */,
				55249B7B25A5B11300A8C16D /* ffitarget_arm64.h in Headers */,
				55249B9625A5B11400A8C16D /* internal.h in Headers */,
				55239C0D2587897B00369A19 /* KKMacros.h in Headers */,
				55696835258B877900B52BA7 /* KKExceptionHandler.h in Headers */,
				55249B7C25A5B11300A8C16D /* ffitarget.h in Headers */,
				556969722593483900B52BA7 /* KKTerminationHandler.h in Headers */,
				55399049259DAB2A00E6143E /* KKBlock.h in Headers */,
				55399051259DB13800E6143E /* KKAutoreleasePoolPage.h in Headers */,
				553945472598E60300F04F83 /* KKSwizzle.h in Headers */,
				556967CE2589DEA700B52BA7 /* KKObject.h in Headers */,
				55249B9325A5B11400A8C16D /* internal.h in Headers */,
				55249B8B25A5B11400A8C16D /* ffi_arm64.h in Headers */,
				55249B9E25A5B11400A8C16D /* internal64.h in Headers */,
				5516DA972578E50F00C0D268 /* KKOOMTracker.h in Headers */,
				55249B8725A5B11400A8C16D /* ffi_cfi.h in Headers */,
				55249B8525A5B11400A8C16D /* fficonfig_i386.h in Headers */,
				5516DA7E2578E41600C0D268 /* KKMemoryMapping.h in Headers */,
			);
			runOnlyForDeploymentPostprocessing = 0;
		};
/* End PBXHeadersBuildPhase section */

/* Begin PBXNativeTarget section */
		5516DA672578E34A00C0D268 /* KernelKit */ = {
			isa = PBXNativeTarget;
			buildConfigurationList = 5516DA702578E34A00C0D268 /* Build configuration list for PBXNativeTarget "KernelKit" */;
			buildPhases = (
				5516DA632578E34A00C0D268 /* Headers */,
				5516DA642578E34A00C0D268 /* Sources */,
				5516DA652578E34A00C0D268 /* Frameworks */,
				5516DA662578E34A00C0D268 /* Resources */,
			);
			buildRules = (
			);
			dependencies = (
			);
			name = KernelKit;
			productName = KernelKit;
			productReference = 5516DA682578E34A00C0D268 /* KernelKit.framework */;
			productType = "com.apple.product-type.framework";
		};
		5516DA842578E44C00C0D268 /* KernelKitTests */ = {
			isa = PBXNativeTarget;
			buildConfigurationList = 5516DA8D2578E44C00C0D268 /* Build configuration list for PBXNativeTarget "KernelKitTests" */;
			buildPhases = (
				5516DA812578E44C00C0D268 /* Sources */,
				5516DA822578E44C00C0D268 /* Frameworks */,
				5516DA832578E44C00C0D268 /* Resources */,
			);
			buildRules = (
			);
			dependencies = (
				55249D3F25A72A0300A8C16D /* PBXTargetDependency */,
				5516DA8C2578E44C00C0D268 /* PBXTargetDependency */,
			);
			name = KernelKitTests;
			productName = KernelKitTests;
			productReference = 5516DA852578E44C00C0D268 /* KernelKitTests.xctest */;
			productType = "com.apple.product-type.bundle.unit-test";
		};
/* End PBXNativeTarget section */

/* Begin PBXProject section */
		5516DA5F2578E34A00C0D268 /* Project object */ = {
			isa = PBXProject;
			attributes = {
				LastUpgradeCheck = 1220;
				TargetAttributes = {
					5516DA672578E34A00C0D268 = {
						CreatedOnToolsVersion = 12.2;
					};
					5516DA842578E44C00C0D268 = {
						CreatedOnToolsVersion = 12.2;
					};
				};
			};
			buildConfigurationList = 5516DA622578E34A00C0D268 /* Build configuration list for PBXProject "KernelKit" */;
			compatibilityVersion = "Xcode 9.3";
			developmentRegion = en;
			hasScannedForEncodings = 0;
			knownRegions = (
				en,
				Base,
			);
			mainGroup = 5516DA5E2578E34A00C0D268;
			productRefGroup = 5516DA692578E34A00C0D268 /* Products */;
			projectDirPath = "";
			projectReferences = (
				{
					ProductGroup = 55249D3925A729F800A8C16D /* Products */;
					ProjectRef = 55249D3825A729F800A8C16D /* KKFramework.xcodeproj */;
				},
			);
			projectRoot = "";
			targets = (
				5516DA672578E34A00C0D268 /* KernelKit */,
				5516DA842578E44C00C0D268 /* KernelKitTests */,
			);
		};
/* End PBXProject section */

/* Begin PBXReferenceProxy section */
		55249D3D25A729F800A8C16D /* KKFramework.framework */ = {
			isa = PBXReferenceProxy;
			fileType = wrapper.framework;
			path = KKFramework.framework;
			remoteRef = 55249D3C25A729F800A8C16D /* PBXContainerItemProxy */;
			sourceTree = BUILT_PRODUCTS_DIR;
		};
/* End PBXReferenceProxy section */

/* Begin PBXResourcesBuildPhase section */
		5516DA662578E34A00C0D268 /* Resources */ = {
			isa = PBXResourcesBuildPhase;
			buildActionMask = 2147483647;
			files = (
			);
			runOnlyForDeploymentPostprocessing = 0;
		};
		5516DA832578E44C00C0D268 /* Resources */ = {
			isa = PBXResourcesBuildPhase;
			buildActionMask = 2147483647;
			files = (
			);
			runOnlyForDeploymentPostprocessing = 0;
		};
/* End PBXResourcesBuildPhase section */

/* Begin PBXSourcesBuildPhase section */
		5516DA642578E34A00C0D268 /* Sources */ = {
			isa = PBXSourcesBuildPhase;
			buildActionMask = 2147483647;
			files = (
				5516DAAB25791E4D00C0D268 /* KKDynamicLinker.mm in Sources */,
				5569682A258A0D6000B52BA7 /* KKDescribable.m in Sources */,
				5516DA982578E50F00C0D268 /* KKOOMTracker.m in Sources */,
				55249B9025A5B11400A8C16D /* dlmalloc.c in Sources */,
				553273E525B68E8900DC4A46 /* KKCrashHandler.mm in Sources */,
				55249B9825A5B11400A8C16D /* ffi64_x86_64.c in Sources */,
				55249B8E25A5B11400A8C16D /* debug.c in Sources */,
				55249B9D25A5B11400A8C16D /* unix64_x86_64.S in Sources */,
				55249B9225A5B11400A8C16D /* raw_api.c in Sources */,
				5516DB18257E468600C0D268 /* KKLog.m in Sources */,
				556969732593483900B52BA7 /* KKTerminationHandler.mm in Sources */,
				55399052259DB13800E6143E /* KKAutoreleasePoolPage.mm in Sources */,
				55249B9725A5B11400A8C16D /* sysv_i386.S in Sources */,
				55249B9F25A5B11400A8C16D /* sysv_armv7.S in Sources */,
				55696836258B877900B52BA7 /* KKExceptionHandler.mm in Sources */,
				55249B9C25A5B11400A8C16D /* ffi_i386.c in Sources */,
				55249B9525A5B11400A8C16D /* ffi_arm64.c in Sources */,
				55249B9A25A5B11400A8C16D /* win64_x86_64.S in Sources */,
				5516DA792578E3D000C0D268 /* KKThread.mm in Sources */,
				5516DB0B257E1B8300C0D268 /* KKSignalHandler.mm in Sources */,
				5516DA7F2578E41600C0D268 /* KKMemoryMapping.m in Sources */,
				55249B8F25A5B11400A8C16D /* types.c in Sources */,
				553945482598E60300F04F83 /* KKSwizzle.m in Sources */,
				55249B9425A5B11400A8C16D /* sysv_arm64.S in Sources */,
				55249B8C25A5B11400A8C16D /* closures.c in Sources */,
				55249B9125A5B11400A8C16D /* java_raw_api.c in Sources */,
				5539904A259DAB2A00E6143E /* KKBlock.m in Sources */,
				55249B8D25A5B11400A8C16D /* prep_cif.c in Sources */,
				5569680A2589F5BD00B52BA7 /* KKObject.mm in Sources */,
				55249B9925A5B11400A8C16D /* ffiw64_x86_64.c in Sources */,
				55249BA125A5B11400A8C16D /* ffi_armv7.c in Sources */,
				5516DAC6257A2F9500C0D268 /* KKFishHook.mm in Sources */,
				5516DAE3257A3E3400C0D268 /* fishhook.c in Sources */,
			);
			runOnlyForDeploymentPostprocessing = 0;
		};
		5516DA812578E44C00C0D268 /* Sources */ = {
			isa = PBXSourcesBuildPhase;
			buildActionMask = 2147483647;
			files = (
				55696830258A3F7500B52BA7 /* KKCrashHandlerTest.mm in Sources */,
				5516DA882578E44C00C0D268 /* KernelKitTests.m in Sources */,
				55399062259DC37F00E6143E /* KKObjCABITest.m in Sources */,
				5569681E258A038200B52BA7 /* KKAutoreleasePoolPageTest.m in Sources */,
				5516DABB257A2BC600C0D268 /* KKMemoryMappingTest.m in Sources */,
				55696824258A084F00B52BA7 /* KKDynamicLinkerTest.m in Sources */,
				5539453E25949C1A00F04F83 /* KKFishHookTest.m in Sources */,
				55239C1E25879F4300369A19 /* KKThreadTest.m in Sources */,
			);
			runOnlyForDeploymentPostprocessing = 0;
		};
/* End PBXSourcesBuildPhase section */

/* Begin PBXTargetDependency section */
		5516DA8C2578E44C00C0D268 /* PBXTargetDependency */ = {
			isa = PBXTargetDependency;
			target = 5516DA672578E34A00C0D268 /* KernelKit */;
			targetProxy = 5516DA8B2578E44C00C0D268 /* PBXContainerItemProxy */;
		};
		55249D3F25A72A0300A8C16D /* PBXTargetDependency */ = {
			isa = PBXTargetDependency;
			name = KKFramework;
			targetProxy = 55249D3E25A72A0300A8C16D /* PBXContainerItemProxy */;
		};
/* End PBXTargetDependency section */

/* Begin XCBuildConfiguration section */
		5516DA6E2578E34A00C0D268 /* Debug */ = {
			isa = XCBuildConfiguration;
			buildSettings = {
				ALWAYS_SEARCH_USER_PATHS = NO;
				CLANG_ANALYZER_NONNULL = YES;
				CLANG_ANALYZER_NUMBER_OBJECT_CONVERSION = YES_AGGRESSIVE;
				CLANG_CXX_LANGUAGE_STANDARD = "gnu++14";
				CLANG_CXX_LIBRARY = "libc++";
				CLANG_ENABLE_MODULES = YES;
				CLANG_ENABLE_OBJC_ARC = YES;
				CLANG_ENABLE_OBJC_WEAK = YES;
				CLANG_WARN_BLOCK_CAPTURE_AUTORELEASING = YES;
				CLANG_WARN_BOOL_CONVERSION = YES;
				CLANG_WARN_COMMA = YES;
				CLANG_WARN_CONSTANT_CONVERSION = YES;
				CLANG_WARN_DEPRECATED_OBJC_IMPLEMENTATIONS = YES;
				CLANG_WARN_DIRECT_OBJC_ISA_USAGE = YES_ERROR;
				CLANG_WARN_DOCUMENTATION_COMMENTS = YES;
				CLANG_WARN_EMPTY_BODY = YES;
				CLANG_WARN_ENUM_CONVERSION = YES;
				CLANG_WARN_INFINITE_RECURSION = YES;
				CLANG_WARN_INT_CONVERSION = YES;
				CLANG_WARN_NON_LITERAL_NULL_CONVERSION = YES;
				CLANG_WARN_OBJC_IMPLICIT_RETAIN_SELF = YES;
				CLANG_WARN_OBJC_LITERAL_CONVERSION = YES;
				CLANG_WARN_OBJC_ROOT_CLASS = YES_ERROR;
				CLANG_WARN_QUOTED_INCLUDE_IN_FRAMEWORK_HEADER = YES;
				CLANG_WARN_RANGE_LOOP_ANALYSIS = YES;
				CLANG_WARN_STRICT_PROTOTYPES = YES;
				CLANG_WARN_SUSPICIOUS_MOVE = YES;
				CLANG_WARN_UNGUARDED_AVAILABILITY = YES_AGGRESSIVE;
				CLANG_WARN_UNREACHABLE_CODE = YES;
				CLANG_WARN__DUPLICATE_METHOD_MATCH = YES;
				COPY_PHASE_STRIP = NO;
				CURRENT_PROJECT_VERSION = 1;
				DEBUG_INFORMATION_FORMAT = dwarf;
				ENABLE_STRICT_OBJC_MSGSEND = YES;
				ENABLE_TESTABILITY = YES;
				GCC_C_LANGUAGE_STANDARD = gnu11;
				GCC_DYNAMIC_NO_PIC = NO;
				GCC_NO_COMMON_BLOCKS = YES;
				GCC_OPTIMIZATION_LEVEL = 0;
				GCC_PREPROCESSOR_DEFINITIONS = (
					"DEBUG=1",
					"$(inherited)",
				);
				GCC_WARN_64_TO_32_BIT_CONVERSION = YES;
				GCC_WARN_ABOUT_RETURN_TYPE = YES_ERROR;
				GCC_WARN_UNDECLARED_SELECTOR = YES;
				GCC_WARN_UNINITIALIZED_AUTOS = YES_AGGRESSIVE;
				GCC_WARN_UNUSED_FUNCTION = YES;
				GCC_WARN_UNUSED_VARIABLE = YES;
				IPHONEOS_DEPLOYMENT_TARGET = 14.2;
				MTL_ENABLE_DEBUG_INFO = INCLUDE_SOURCE;
				MTL_FAST_MATH = YES;
				ONLY_ACTIVE_ARCH = YES;
				SDKROOT = iphoneos;
				VERSIONING_SYSTEM = "apple-generic";
				VERSION_INFO_PREFIX = "";
			};
			name = Debug;
		};
		5516DA6F2578E34A00C0D268 /* Release */ = {
			isa = XCBuildConfiguration;
			buildSettings = {
				ALWAYS_SEARCH_USER_PATHS = NO;
				CLANG_ANALYZER_NONNULL = YES;
				CLANG_ANALYZER_NUMBER_OBJECT_CONVERSION = YES_AGGRESSIVE;
				CLANG_CXX_LANGUAGE_STANDARD = "gnu++14";
				CLANG_CXX_LIBRARY = "libc++";
				CLANG_ENABLE_MODULES = YES;
				CLANG_ENABLE_OBJC_ARC = YES;
				CLANG_ENABLE_OBJC_WEAK = YES;
				CLANG_WARN_BLOCK_CAPTURE_AUTORELEASING = YES;
				CLANG_WARN_BOOL_CONVERSION = YES;
				CLANG_WARN_COMMA = YES;
				CLANG_WARN_CONSTANT_CONVERSION = YES;
				CLANG_WARN_DEPRECATED_OBJC_IMPLEMENTATIONS = YES;
				CLANG_WARN_DIRECT_OBJC_ISA_USAGE = YES_ERROR;
				CLANG_WARN_DOCUMENTATION_COMMENTS = YES;
				CLANG_WARN_EMPTY_BODY = YES;
				CLANG_WARN_ENUM_CONVERSION = YES;
				CLANG_WARN_INFINITE_RECURSION = YES;
				CLANG_WARN_INT_CONVERSION = YES;
				CLANG_WARN_NON_LITERAL_NULL_CONVERSION = YES;
				CLANG_WARN_OBJC_IMPLICIT_RETAIN_SELF = YES;
				CLANG_WARN_OBJC_LITERAL_CONVERSION = YES;
				CLANG_WARN_OBJC_ROOT_CLASS = YES_ERROR;
				CLANG_WARN_QUOTED_INCLUDE_IN_FRAMEWORK_HEADER = YES;
				CLANG_WARN_RANGE_LOOP_ANALYSIS = YES;
				CLANG_WARN_STRICT_PROTOTYPES = YES;
				CLANG_WARN_SUSPICIOUS_MOVE = YES;
				CLANG_WARN_UNGUARDED_AVAILABILITY = YES_AGGRESSIVE;
				CLANG_WARN_UNREACHABLE_CODE = YES;
				CLANG_WARN__DUPLICATE_METHOD_MATCH = YES;
				COPY_PHASE_STRIP = NO;
				CURRENT_PROJECT_VERSION = 1;
				DEBUG_INFORMATION_FORMAT = "dwarf-with-dsym";
				ENABLE_NS_ASSERTIONS = NO;
				ENABLE_STRICT_OBJC_MSGSEND = YES;
				GCC_C_LANGUAGE_STANDARD = gnu11;
				GCC_NO_COMMON_BLOCKS = YES;
				GCC_WARN_64_TO_32_BIT_CONVERSION = YES;
				GCC_WARN_ABOUT_RETURN_TYPE = YES_ERROR;
				GCC_WARN_UNDECLARED_SELECTOR = YES;
				GCC_WARN_UNINITIALIZED_AUTOS = YES_AGGRESSIVE;
				GCC_WARN_UNUSED_FUNCTION = YES;
				GCC_WARN_UNUSED_VARIABLE = YES;
				IPHONEOS_DEPLOYMENT_TARGET = 14.2;
				MTL_ENABLE_DEBUG_INFO = NO;
				MTL_FAST_MATH = YES;
				SDKROOT = iphoneos;
				VALIDATE_PRODUCT = YES;
				VERSIONING_SYSTEM = "apple-generic";
				VERSION_INFO_PREFIX = "";
			};
			name = Release;
		};
		5516DA712578E34A00C0D268 /* Debug */ = {
			isa = XCBuildConfiguration;
			buildSettings = {
				CODE_SIGN_STYLE = Automatic;
				DEFINES_MODULE = YES;
				DYLIB_COMPATIBILITY_VERSION = 1;
				DYLIB_CURRENT_VERSION = 1;
				DYLIB_INSTALL_NAME_BASE = "@rpath";
				GCC_PREPROCESSOR_DEFINITIONS = (
					"$(inherited)",
					USE_DL_PREFIX,
				);
				INFOPLIST_FILE = KernelKit/Info.plist;
				INSTALL_PATH = "$(LOCAL_LIBRARY_DIR)/Frameworks";
				IPHONEOS_DEPLOYMENT_TARGET = 10.0;
				LD_RUNPATH_SEARCH_PATHS = (
					"$(inherited)",
					"@executable_path/Frameworks",
					"@loader_path/Frameworks",
				);
				MACOSX_DEPLOYMENT_TARGET = 10.9;
				ONLY_ACTIVE_ARCH = YES;
				PRODUCT_BUNDLE_IDENTIFIER = me.jasen.KernelKit;
				PRODUCT_NAME = "$(TARGET_NAME:c99extidentifier)";
				SDKROOT = iphoneos;
				SKIP_INSTALL = YES;
				SUPPORTED_PLATFORMS = "iphonesimulator iphoneos macosx";
				TARGETED_DEVICE_FAMILY = "1,2";
			};
			name = Debug;
		};
		5516DA722578E34A00C0D268 /* Release */ = {
			isa = XCBuildConfiguration;
			buildSettings = {
				CODE_SIGN_STYLE = Automatic;
				DEFINES_MODULE = YES;
				DYLIB_COMPATIBILITY_VERSION = 1;
				DYLIB_CURRENT_VERSION = 1;
				DYLIB_INSTALL_NAME_BASE = "@rpath";
				GCC_PREPROCESSOR_DEFINITIONS = USE_DL_PREFIX;
				INFOPLIST_FILE = KernelKit/Info.plist;
				INSTALL_PATH = "$(LOCAL_LIBRARY_DIR)/Frameworks";
				IPHONEOS_DEPLOYMENT_TARGET = 10.0;
				LD_RUNPATH_SEARCH_PATHS = (
					"$(inherited)",
					"@executable_path/Frameworks",
					"@loader_path/Frameworks",
				);
				MACOSX_DEPLOYMENT_TARGET = 10.9;
				PRODUCT_BUNDLE_IDENTIFIER = me.jasen.KernelKit;
				PRODUCT_NAME = "$(TARGET_NAME:c99extidentifier)";
				SDKROOT = iphoneos;
				SKIP_INSTALL = YES;
				SUPPORTED_PLATFORMS = "iphonesimulator iphoneos macosx";
				TARGETED_DEVICE_FAMILY = "1,2";
			};
			name = Release;
		};
		5516DA8E2578E44C00C0D268 /* Debug */ = {
			isa = XCBuildConfiguration;
			buildSettings = {
				CODE_SIGN_STYLE = Automatic;
				INFOPLIST_FILE = KernelKitTests/Info.plist;
				LD_RUNPATH_SEARCH_PATHS = (
					"$(inherited)",
					"@executable_path/Frameworks",
					"@loader_path/Frameworks",
				);
				PRODUCT_BUNDLE_IDENTIFIER = me.jasen.KernelKitTests;
				PRODUCT_NAME = "$(TARGET_NAME)";
				TARGETED_DEVICE_FAMILY = "1,2";
			};
			name = Debug;
		};
		5516DA8F2578E44C00C0D268 /* Release */ = {
			isa = XCBuildConfiguration;
			buildSettings = {
				CODE_SIGN_STYLE = Automatic;
				INFOPLIST_FILE = KernelKitTests/Info.plist;
				LD_RUNPATH_SEARCH_PATHS = (
					"$(inherited)",
					"@executable_path/Frameworks",
					"@loader_path/Frameworks",
				);
				PRODUCT_BUNDLE_IDENTIFIER = me.jasen.KernelKitTests;
				PRODUCT_NAME = "$(TARGET_NAME)";
				TARGETED_DEVICE_FAMILY = "1,2";
			};
			name = Release;
		};
/* End XCBuildConfiguration section */

/* Begin XCConfigurationList section */
		5516DA622578E34A00C0D268 /* Build configuration list for PBXProject "KernelKit" */ = {
			isa = XCConfigurationList;
			buildConfigurations = (
				5516DA6E2578E34A00C0D268 /* Debug */,
				5516DA6F2578E34A00C0D268 /* Release */,
			);
			defaultConfigurationIsVisible = 0;
			defaultConfigurationName = Release;
		};
		5516DA702578E34A00C0D268 /* Build configuration list for PBXNativeTarget "KernelKit" */ = {
			isa = XCConfigurationList;
			buildConfigurations = (
				5516DA712578E34A00C0D268 /* Debug */,
				5516DA722578E34A00C0D268 /* Release */,
			);
			defaultConfigurationIsVisible = 0;
			defaultConfigurationName = Release;
		};
		5516DA8D2578E44C00C0D268 /* Build configuration list for PBXNativeTarget "KernelKitTests" */ = {
			isa = XCConfigurationList;
			buildConfigurations = (
				5516DA8E2578E44C00C0D268 /* Debug */,
				5516DA8F2578E44C00C0D268 /* Release */,
			);
			defaultConfigurationIsVisible = 0;
			defaultConfigurationName = Release;
		};
/* End XCConfigurationList section */
	};
	rootObject = 5516DA5F2578E34A00C0D268 /* Project object */;
}
